
Microsoft Visual Studio Solution File, Format Version 12.00
# Visual Studio Version 17
VisualStudioVersion = 17.0.31903.59
MinimumVisualStudioVersion = 10.0.40219.1
Project("{2150E333-8FDC-42A3-9474-1A3956D46DE8}") = "src", "src", "{827E0CD3-B72D-47B6-A68D-7590B98EB39B}"
EndProject
Project("{FAE04EC0-301F-11D3-BF4B-00C04F79EFBC}") = "WaterChem.Domain", "src\WaterChem.Domain\WaterChem.Domain.csproj", "{5D7AF309-1CDB-49FA-8DB1-D10C5254D6AA}"
EndProject
Project("{FAE04EC0-301F-11D3-BF4B-00C04F79EFBC}") = "WaterChem.Engine", "src\WaterChem.Engine\WaterChem.Engine.csproj", "{DFB4D106-6068-4FA7-8705-EE52474C1BC2}"
EndProject
Project("{FAE04EC0-301F-11D3-BF4B-00C04F79EFBC}") = "WaterChem.CLI", "src\WaterChem.CLI\WaterChem.CLI.csproj", "{220DD128-4733-4D25-8DEE-7E46F294F0C9}"
EndProject
Project("{FAE04EC0-301F-11D3-BF4B-00C04F79EFBC}") = "WaterChem.GUI", "src\WaterChem.GUI\WaterChem.GUI.csproj", "{02E17932-AE18-416A-8DD4-F36B39FFE576}"
EndProject
Project("{2150E333-8FDC-42A3-9474-1A3956D46DE8}") = "tests", "tests", "{0AB3BF05-4346-4AA6-1389-037BE0695223}"
EndProject
Project("{FAE04EC0-301F-11D3-BF4B-00C04F79EFBC}") = "WaterChem.Domain.Tests", "tests\WaterChem.Domain.Tests\WaterChem.Domain.Tests.csproj", "{FCB09B0D-1133-424D-A7C4-738F6C2FFC8A}"
EndProject
Project("{FAE04EC0-301F-11D3-BF4B-00C04F79EFBC}") = "WaterChem.Engine.Tests", "tests\WaterChem.Engine.Tests\WaterChem.Engine.Tests.csproj", "{090A6A4B-091D-4FDB-93DF-1477B5D0E278}"
EndProject
Global
	GlobalSection(SolutionConfigurationPlatforms) = preSolution
		Debug|Any CPU = Debug|Any CPU
		Debug|x64 = Debug|x64
		Debug|x86 = Debug|x86
		Release|Any CPU = Release|Any CPU
		Release|x64 = Release|x64
		Release|x86 = Release|x86
	EndGlobalSection
	GlobalSection(ProjectConfigurationPlatforms) = postSolution
		{5D7AF309-1CDB-49FA-8DB1-D10C5254D6AA}.Debug|Any CPU.ActiveCfg = Debug|Any CPU
		{5D7AF309-1CDB-49FA-8DB1-D10C5254D6AA}.Debug|Any CPU.Build.0 = Debug|Any CPU
		{5D7AF309-1CDB-49FA-8DB1-D10C5254D6AA}.Debug|x64.ActiveCfg = Debug|Any CPU
		{5D7AF309-1CDB-49FA-8DB1-D10C5254D6AA}.Debug|x64.Build.0 = Debug|Any CPU
		{5D7AF309-1CDB-49FA-8DB1-D10C5254D6AA}.Debug|x86.ActiveCfg = Debug|Any CPU
		{5D7AF309-1CDB-49FA-8DB1-D10C5254D6AA}.Debug|x86.Build.0 = Debug|Any CPU
		{5D7AF309-1CDB-49FA-8DB1-D10C5254D6AA}.Release|Any CPU.ActiveCfg = Release|Any CPU
		{5D7AF309-1CDB-49FA-8DB1-D10C5254D6AA}.Release|Any CPU.Build.0 = Release|Any CPU
		{5D7AF309-1CDB-49FA-8DB1-D10C5254D6AA}.Release|x64.ActiveCfg = Release|Any CPU
		{5D7AF309-1CDB-49FA-8DB1-D10C5254D6AA}.Release|x64.Build.0 = Release|Any CPU
		{5D7AF309-1CDB-49FA-8DB1-D10C5254D6AA}.Release|x86.ActiveCfg = Release|Any CPU
		{5D7AF309-1CDB-49FA-8DB1-D10C5254D6AA}.Release|x86.Build.0 = Release|Any CPU
		{DFB4D106-6068-4FA7-8705-EE52474C1BC2}.Debug|Any CPU.ActiveCfg = Debug|Any CPU
		{DFB4D106-6068-4FA7-8705-EE52474C1BC2}.Debug|Any CPU.Build.0 = Debug|Any CPU
		{DFB4D106-6068-4FA7-8705-EE52474C1BC2}.Debug|x64.ActiveCfg = Debug|Any CPU
		{DFB4D106-6068-4FA7-8705-EE52474C1BC2}.Debug|x64.Build.0 = Debug|Any CPU
		{DFB4D106-6068-4FA7-8705-EE52474C1BC2}.Debug|x86.ActiveCfg = Debug|Any CPU
		{DFB4D106-6068-4FA7-8705-EE52474C1BC2}.Debug|x86.Build.0 = Debug|Any CPU
		{DFB4D106-6068-4FA7-8705-EE52474C1BC2}.Release|Any CPU.ActiveCfg = Release|Any CPU
		{DFB4D106-6068-4FA7-8705-EE52474C1BC2}.Release|Any CPU.Build.0 = Release|Any CPU
		{DFB4D106-6068-4FA7-8705-EE52474C1BC2}.Release|x64.ActiveCfg = Release|Any CPU
		{DFB4D106-6068-4FA7-8705-EE52474C1BC2}.Release|x64.Build.0 = Release|Any CPU
		{DFB4D106-6068-4FA7-8705-EE52474C1BC2}.Release|x86.ActiveCfg = Release|Any CPU
		{DFB4D106-6068-4FA7-8705-EE52474C1BC2}.Release|x86.Build.0 = Release|Any CPU
		{220DD128-4733-4D25-8DEE-7E46F294F0C9}.Debug|Any CPU.ActiveCfg = Debug|Any CPU
		{220DD128-4733-4D25-8DEE-7E46F294F0C9}.Debug|Any CPU.Build.0 = Debug|Any CPU
		{220DD128-4733-4D25-8DEE-7E46F294F0C9}.Debug|x64.ActiveCfg = Debug|Any CPU
		{220DD128-4733-4D25-8DEE-7E46F294F0C9}.Debug|x64.Build.0 = Debug|Any CPU
		{220DD128-4733-4D25-8DEE-7E46F294F0C9}.Debug|x86.ActiveCfg = Debug|Any CPU
		{220DD128-4733-4D25-8DEE-7E46F294F0C9}.Debug|x86.Build.0 = Debug|Any CPU
		{220DD128-4733-4D25-8DEE-7E46F294F0C9}.Release|Any CPU.ActiveCfg = Release|Any CPU
		{220DD128-4733-4D25-8DEE-7E46F294F0C9}.Release|Any CPU.Build.0 = Release|Any CPU
		{220DD128-4733-4D25-8DEE-7E46F294F0C9}.Release|x64.ActiveCfg = Release|Any CPU
		{220DD128-4733-4D25-8DEE-7E46F294F0C9}.Release|x64.Build.0 = Release|Any CPU
		{220DD128-4733-4D25-8DEE-7E46F294F0C9}.Release|x86.ActiveCfg = Release|Any CPU
		{220DD128-4733-4D25-8DEE-7E46F294F0C9}.Release|x86.Build.0 = Release|Any CPU
		{02E17932-AE18-416A-8DD4-F36B39FFE576}.Debug|Any CPU.ActiveCfg = Debug|Any CPU
		{02E17932-AE18-416A-8DD4-F36B39FFE576}.Debug|Any CPU.Build.0 = Debug|Any CPU
		{02E17932-AE18-416A-8DD4-F36B39FFE576}.Debug|x64.ActiveCfg = Debug|Any CPU
		{02E17932-AE18-416A-8DD4-F36B39FFE576}.Debug|x64.Build.0 = Debug|Any CPU
		{02E17932-AE18-416A-8DD4-F36B39FFE576}.Debug|x86.ActiveCfg = Debug|Any CPU
		{02E17932-AE18-416A-8DD4-F36B39FFE576}.Debug|x86.Build.0 = Debug|Any CPU
		{02E17932-AE18-416A-8DD4-F36B39FFE576}.Release|Any CPU.ActiveCfg = Release|Any CPU
		{02E17932-AE18-416A-8DD4-F36B39FFE576}.Release|Any CPU.Build.0 = Release|Any CPU
		{02E17932-AE18-416A-8DD4-F36B39FFE576}.Release|x64.ActiveCfg = Release|Any CPU
		{02E17932-AE18-416A-8DD4-F36B39FFE576}.Release|x64.Build.0 = Release|Any CPU
		{02E17932-AE18-416A-8DD4-F36B39FFE576}.Release|x86.ActiveCfg = Release|Any CPU
		{02E17932-AE18-416A-8DD4-F36B39FFE576}.Release|x86.Build.0 = Release|Any CPU
		{FCB09B0D-1133-424D-A7C4-738F6C2FFC8A}.Debug|Any CPU.ActiveCfg = Debug|Any CPU
		{FCB09B0D-1133-424D-A7C4-738F6C2FFC8A}.Debug|Any CPU.Build.0 = Debug|Any CPU
		{FCB09B0D-1133-424D-A7C4-738F6C2FFC8A}.Debug|x64.ActiveCfg = Debug|Any CPU
		{FCB09B0D-1133-424D-A7C4-738F6C2FFC8A}.Debug|x64.Build.0 = Debug|Any CPU
		{FCB09B0D-1133-424D-A7C4-738F6C2FFC8A}.Debug|x86.ActiveCfg = Debug|Any CPU
		{FCB09B0D-1133-424D-A7C4-738F6C2FFC8A}.Debug|x86.Build.0 = Debug|Any CPU
		{FCB09B0D-1133-424D-A7C4-738F6C2FFC8A}.Release|Any CPU.ActiveCfg = Release|Any CPU
		{FCB09B0D-1133-424D-A7C4-738F6C2FFC8A}.Release|Any CPU.Build.0 = Release|Any CPU
		{FCB09B0D-1133-424D-A7C4-738F6C2FFC8A}.Release|x64.ActiveCfg = Release|Any CPU
		{FCB09B0D-1133-424D-A7C4-738F6C2FFC8A}.Release|x64.Build.0 = Release|Any CPU
		{FCB09B0D-1133-424D-A7C4-738F6C2FFC8A}.Release|x86.ActiveCfg = Release|Any CPU
		{FCB09B0D-1133-424D-A7C4-738F6C2FFC8A}.Release|x86.Build.0 = Release|Any CPU
		{090A6A4B-091D-4FDB-93DF-1477B5D0E278}.Debug|Any CPU.ActiveCfg = Debug|Any CPU
		{090A6A4B-091D-4FDB-93DF-1477B5D0E278}.Debug|Any CPU.Build.0 = Debug|Any CPU
		{090A6A4B-091D-4FDB-93DF-1477B5D0E278}.Debug|x64.ActiveCfg = Debug|Any CPU
		{090A6A4B-091D-4FDB-93DF-1477B5D0E278}.Debug|x64.Build.0 = Debug|Any CPU
		{090A6A4B-091D-4FDB-93DF-1477B5D0E278}.Debug|x86.ActiveCfg = Debug|Any CPU
		{090A6A4B-091D-4FDB-93DF-1477B5D0E278}.Debug|x86.Build.0 = Debug|Any CPU
		{090A6A4B-091D-4FDB-93DF-1477B5D0E278}.Release|Any CPU.ActiveCfg = Release|Any CPU
		{090A6A4B-091D-4FDB-93DF-1477B5D0E278}.Release|Any CPU.Build.0 = Release|Any CPU
		{090A6A4B-091D-4FDB-93DF-1477B5D0E278}.Release|x64.ActiveCfg = Release|Any CPU
		{090A6A4B-091D-4FDB-93DF-1477B5D0E278}.Release|x64.Build.0 = Release|Any CPU
		{090A6A4B-091D-4FDB-93DF-1477B5D0E278}.Release|x86.ActiveCfg = Release|Any CPU
		{090A6A4B-091D-4FDB-93DF-1477B5D0E278}.Release|x86.Build.0 = Release|Any CPU
	EndGlobalSection
	GlobalSection(SolutionProperties) = preSolution
		HideSolutionNode = FALSE
	EndGlobalSection
	GlobalSection(NestedProjects) = preSolution
		{5D7AF309-1CDB-49FA-8DB1-D10C5254D6AA} = {827E0CD3-B72D-47B6-A68D-7590B98EB39B}
		{DFB4D106-6068-4FA7-8705-EE52474C1BC2} = {827E0CD3-B72D-47B6-A68D-7590B98EB39B}
		{220DD128-4733-4D25-8DEE-7E46F294F0C9} = {827E0CD3-B72D-47B6-A68D-7590B98EB39B}
		{02E17932-AE18-416A-8DD4-F36B39FFE576} = {827E0CD3-B72D-47B6-A68D-7590B98EB39B}
		{FCB09B0D-1133-424D-A7C4-738F6C2FFC8A} = {0AB3BF05-4346-4AA6-1389-037BE0695223}
		{090A6A4B-091D-4FDB-93DF-1477B5D0E278} = {0AB3BF05-4346-4AA6-1389-037BE0695223}
	EndGlobalSection
EndGlobal
